// !$*UTF8*$!
{
	archiveVersion = 1;
	classes = {
	};
	objectVersion = 55;
	objects = {

/* Begin PBXBuildFile section */
		8B9303A2291BB6C00044A869 /* AppDelegate.swift in Sources */ = {isa = PBXBuildFile; fileRef = 8B9303A1291BB6C00044A869 /* AppDelegate.swift */; };
		8B9303A4291BB6C00044A869 /* SceneDelegate.swift in Sources */ = {isa = PBXBuildFile; fileRef = 8B9303A3291BB6C00044A869 /* SceneDelegate.swift */; };
		8B9303A9291BB6C00044A869 /* Main.storyboard in Resources */ = {isa = PBXBuildFile; fileRef = 8B9303A7291BB6C00044A869 /* Main.storyboard */; };
		8B9303AB291BB6C20044A869 /* Assets.xcassets in Resources */ = {isa = PBXBuildFile; fileRef = 8B9303AA291BB6C20044A869 /* Assets.xcassets */; };
		8B9303AE291BB6C20044A869 /* LaunchScreen.storyboard in Resources */ = {isa = PBXBuildFile; fileRef = 8B9303AC291BB6C20044A869 /* LaunchScreen.storyboard */; };
		8BB27451291BB86A00569163 /* TaskListController.swift in Sources */ = {isa = PBXBuildFile; fileRef = 8BB27450291BB86A00569163 /* TaskListController.swift */; };
		8BB27454291BBB9E00569163 /* Task.swift in Sources */ = {isa = PBXBuildFile; fileRef = 8BB27453291BBB9E00569163 /* Task.swift */; };
		8BB27458291CF6EE00569163 /* TaskCell.swift in Sources */ = {isa = PBXBuildFile; fileRef = 8BB27457291CF6EE00569163 /* TaskCell.swift */; };
		8BB2745B291D34C900569163 /* TasksStorage.swift in Sources */ = {isa = PBXBuildFile; fileRef = 8BB2745A291D34C900569163 /* TasksStorage.swift */; };
		8BB2745D291E7C5200569163 /* TaskEditController.swift in Sources */ = {isa = PBXBuildFile; fileRef = 8BB2745C291E7C5200569163 /* TaskEditController.swift */; };
		8BB2745F291ED5B900569163 /* TaskTypeController.swift in Sources */ = {isa = PBXBuildFile; fileRef = 8BB2745E291ED5B900569163 /* TaskTypeController.swift */; };
		8BB27462291EDA0F00569163 /* TaskTypeCell.swift in Sources */ = {isa = PBXBuildFile; fileRef = 8BB27460291EDA0F00569163 /* TaskTypeCell.swift */; };
		8BB27463291EDA0F00569163 /* TaskTypeCell.xib in Resources */ = {isa = PBXBuildFile; fileRef = 8BB27461291EDA0F00569163 /* TaskTypeCell.xib */; };
/* End PBXBuildFile section */

/* Begin PBXFileReference section */
		8B93039E291BB6C00044A869 /* To-Do Manager.app */ = {isa = PBXFileReference; explicitFileType = wrapper.application; includeInIndex = 0; path = "To-Do Manager.app"; sourceTree = BUILT_PRODUCTS_DIR; };
		8B9303A1291BB6C00044A869 /* AppDelegate.swift */ = {isa = PBXFileReference; lastKnownFileType = sourcecode.swift; path = AppDelegate.swift; sourceTree = "<group>"; };
		8B9303A3291BB6C00044A869 /* SceneDelegate.swift */ = {isa = PBXFileReference; lastKnownFileType = sourcecode.swift; path = SceneDelegate.swift; sourceTree = "<group>"; };
		8B9303A8291BB6C00044A869 /* Base */ = {isa = PBXFileReference; lastKnownFileType = file.storyboard; name = Base; path = Base.lproj/Main.storyboard; sourceTree = "<group>"; };
		8B9303AA291BB6C20044A869 /* Assets.xcassets */ = {isa = PBXFileReference; lastKnownFileType = folder.assetcatalog; path = Assets.xcassets; sourceTree = "<group>"; };
		8B9303AD291BB6C20044A869 /* Base */ = {isa = PBXFileReference; lastKnownFileType = file.storyboard; name = Base; path = Base.lproj/LaunchScreen.storyboard; sourceTree = "<group>"; };
		8B9303AF291BB6C20044A869 /* Info.plist */ = {isa = PBXFileReference; lastKnownFileType = text.plist.xml; path = Info.plist; sourceTree = "<group>"; };
		8BB27450291BB86A00569163 /* TaskListController.swift */ = {isa = PBXFileReference; lastKnownFileType = sourcecode.swift; path = TaskListController.swift; sourceTree = "<group>"; };
		8BB27453291BBB9E00569163 /* Task.swift */ = {isa = PBXFileReference; lastKnownFileType = sourcecode.swift; path = Task.swift; sourceTree = "<group>"; };
		8BB27457291CF6EE00569163 /* TaskCell.swift */ = {isa = PBXFileReference; lastKnownFileType = sourcecode.swift; path = TaskCell.swift; sourceTree = "<group>"; };
		8BB2745A291D34C900569163 /* TasksStorage.swift */ = {isa = PBXFileReference; lastKnownFileType = sourcecode.swift; path = TasksStorage.swift; sourceTree = "<group>"; };
		8BB2745C291E7C5200569163 /* TaskEditController.swift */ = {isa = PBXFileReference; lastKnownFileType = sourcecode.swift; path = TaskEditController.swift; sourceTree = "<group>"; };
		8BB2745E291ED5B900569163 /* TaskTypeController.swift */ = {isa = PBXFileReference; lastKnownFileType = sourcecode.swift; path = TaskTypeController.swift; sourceTree = "<group>"; };
		8BB27460291EDA0F00569163 /* TaskTypeCell.swift */ = {isa = PBXFileReference; lastKnownFileType = sourcecode.swift; path = TaskTypeCell.swift; sourceTree = "<group>"; };
		8BB27461291EDA0F00569163 /* TaskTypeCell.xib */ = {isa = PBXFileReference; lastKnownFileType = file.xib; path = TaskTypeCell.xib; sourceTree = "<group>"; };
/* End PBXFileReference section */

/* Begin PBXFrameworksBuildPhase section */
		8B93039B291BB6C00044A869 /* Frameworks */ = {
			isa = PBXFrameworksBuildPhase;
			buildActionMask = 2147483647;
			files = (
			);
			runOnlyForDeploymentPostprocessing = 0;
		};
/* End PBXFrameworksBuildPhase section */

/* Begin PBXGroup section */
		8B930395291BB6C00044A869 = {
			isa = PBXGroup;
			children = (
				8BB27455291CF65100569163 /* View */,
				8BB27452291BBB8000569163 /* Model */,
				8B9303A0291BB6C00044A869 /* To-Do Manager */,
				8B93039F291BB6C00044A869 /* Products */,
			);
			sourceTree = "<group>";
		};
		8B93039F291BB6C00044A869 /* Products */ = {
			isa = PBXGroup;
			children = (
				8B93039E291BB6C00044A869 /* To-Do Manager.app */,
			);
			name = Products;
			sourceTree = "<group>";
		};
		8B9303A0291BB6C00044A869 /* To-Do Manager */ = {
			isa = PBXGroup;
			children = (
				8BB2745C291E7C5200569163 /* TaskEditController.swift */,
				8BB2745E291ED5B900569163 /* TaskTypeController.swift */,
				8BB27450291BB86A00569163 /* TaskListController.swift */,
				8B9303A1291BB6C00044A869 /* AppDelegate.swift */,
				8B9303A3291BB6C00044A869 /* SceneDelegate.swift */,
				8B9303A7291BB6C00044A869 /* Main.storyboard */,
				8B9303AA291BB6C20044A869 /* Assets.xcassets */,
				8B9303AC291BB6C20044A869 /* LaunchScreen.storyboard */,
				8B9303AF291BB6C20044A869 /* Info.plist */,
			);
			path = "To-Do Manager";
			sourceTree = "<group>";
		};
		8BB27452291BBB8000569163 /* Model */ = {
			isa = PBXGroup;
			children = (
				8BB27453291BBB9E00569163 /* Task.swift */,
				8BB2745A291D34C900569163 /* TasksStorage.swift */,
			);
			path = Model;
			sourceTree = "<group>";
		};
		8BB27455291CF65100569163 /* View */ = {
			isa = PBXGroup;
			children = (
				8BB27456291CF67900569163 /* Cells */,
			);
			path = View;
			sourceTree = "<group>";
		};
		8BB27456291CF67900569163 /* Cells */ = {
			isa = PBXGroup;
			children = (
				8BB27457291CF6EE00569163 /* TaskCell.swift */,
				8BB27460291EDA0F00569163 /* TaskTypeCell.swift */,
				8BB27461291EDA0F00569163 /* TaskTypeCell.xib */,
			);
			path = Cells;
			sourceTree = "<group>";
		};
/* End PBXGroup section */

/* Begin PBXNativeTarget section */
		8B93039D291BB6C00044A869 /* To-Do Manager */ = {
			isa = PBXNativeTarget;
			buildConfigurationList = 8B9303B2291BB6C20044A869 /* Build configuration list for PBXNativeTarget "To-Do Manager" */;
			buildPhases = (
				8B93039A291BB6C00044A869 /* Sources */,
				8B93039B291BB6C00044A869 /* Frameworks */,
				8B93039C291BB6C00044A869 /* Resources */,
			);
			buildRules = (
			);
			dependencies = (
			);
			name = "To-Do Manager";
			productName = "To-Do Manager";
			productReference = 8B93039E291BB6C00044A869 /* To-Do Manager.app */;
			productType = "com.apple.product-type.application";
		};
/* End PBXNativeTarget section */

/* Begin PBXProject section */
		8B930396291BB6C00044A869 /* Project object */ = {
			isa = PBXProject;
			attributes = {
				BuildIndependentTargetsInParallel = 1;
				LastSwiftUpdateCheck = 1340;
				LastUpgradeCheck = 1340;
				TargetAttributes = {
					8B93039D291BB6C00044A869 = {
						CreatedOnToolsVersion = 13.4.1;
					};
				};
			};
			buildConfigurationList = 8B930399291BB6C00044A869 /* Build configuration list for PBXProject "To-Do Manager" */;
			compatibilityVersion = "Xcode 13.0";
			developmentRegion = en;
			hasScannedForEncodings = 0;
			knownRegions = (
				en,
				Base,
			);
			mainGroup = 8B930395291BB6C00044A869;
			productRefGroup = 8B93039F291BB6C00044A869 /* Products */;
			projectDirPath = "";
			projectRoot = "";
			targets = (
				8B93039D291BB6C00044A869 /* To-Do Manager */,
			);
		};
/* End PBXProject section */

/* Begin PBXResourcesBuildPhase section */
		8B93039C291BB6C00044A869 /* Resources */ = {
			isa = PBXResourcesBuildPhase;
			buildActionMask = 2147483647;
			files = (
				8B9303AE291BB6C20044A869 /* LaunchScreen.storyboard in Resources */,
				8B9303AB291BB6C20044A869 /* Assets.xcassets in Resources */,
				8BB27463291EDA0F00569163 /* TaskTypeCell.xib in Resources */,
				8B9303A9291BB6C00044A869 /* Main.storyboard in Resources */,
			);
			runOnlyForDeploymentPostprocessing = 0;
		};
/* End PBXResourcesBuildPhase section */

/* Begin PBXSourcesBuildPhase section */
		8B93039A291BB6C00044A869 /* Sources */ = {
			isa = PBXSourcesBuildPhase;
			buildActionMask = 2147483647;
			files = (
				8BB27454291BBB9E00569163 /* Task.swift in Sources */,
				8B9303A2291BB6C00044A869 /* AppDelegate.swift in Sources */,
				8BB2745B291D34C900569163 /* TasksStorage.swift in Sources */,
				8B9303A4291BB6C00044A869 /* SceneDelegate.swift in Sources */,
				8BB2745F291ED5B900569163 /* TaskTypeController.swift in Sources */,
				8BB27451291BB86A00569163 /* TaskListController.swift in Sources */,
				8BB27458291CF6EE00569163 /* TaskCell.swift in Sources */,
				8BB2745D291E7C5200569163 /* TaskEditController.swift in Sources */,
				8BB27462291EDA0F00569163 /* TaskTypeCell.swift in Sources */,
			);
			runOnlyForDeploymentPostprocessing = 0;
		};
/* End PBXSourcesBuildPhase section */

/* Begin PBXVariantGroup section */
		8B9303A7291BB6C00044A869 /* Main.storyboard */ = {
			isa = PBXVariantGroup;
			children = (
				8B9303A8291BB6C00044A869 /* Base */,
			);
			name = Main.storyboard;
			sourceTree = "<group>";
		};
		8B9303AC291BB6C20044A869 /* LaunchScreen.storyboard */ = {
			isa = PBXVariantGroup;
			children = (
				8B9303AD291BB6C20044A869 /* Base */,
			);
			name = LaunchScreen.storyboard;
			sourceTree = "<group>";
		};
/* End PBXVariantGroup section */

/* Begin XCBuildConfiguration section */
		8B9303B0291BB6C20044A869 /* Debug */ = {
			isa = XCBuildConfiguration;
			buildSettings = {
				ALWAYS_SEARCH_USER_PATHS = NO;
				CLANG_ANALYZER_NONNULL = YES;
				CLANG_ANALYZER_NUMBER_OBJECT_CONVERSION = YES_AGGRESSIVE;
				CLANG_CXX_LANGUAGE_STANDARD = "gnu++17";
				CLANG_ENABLE_MODULES = YES;
				CLANG_ENABLE_OBJC_ARC = YES;
				CLANG_ENABLE_OBJC_WEAK = YES;
				CLANG_WARN_BLOCK_CAPTURE_AUTORELEASING = YES;
				CLANG_WARN_BOOL_CONVERSION = YES;
				CLANG_WARN_COMMA = YES;
				CLANG_WARN_CONSTANT_CONVERSION = YES;
				CLANG_WARN_DEPRECATED_OBJC_IMPLEMENTATIONS = YES;
				CLANG_WARN_DIRECT_OBJC_ISA_USAGE = YES_ERROR;
				CLANG_WARN_DOCUMENTATION_COMMENTS = YES;
				CLANG_WARN_EMPTY_BODY = YES;
				CLANG_WARN_ENUM_CONVERSION = YES;
				CLANG_WARN_INFINITE_RECURSION = YES;
				CLANG_WARN_INT_CONVERSION = YES;
				CLANG_WARN_NON_LITERAL_NULL_CONVERSION = YES;
				CLANG_WARN_OBJC_IMPLICIT_RETAIN_SELF = YES;
				CLANG_WARN_OBJC_LITERAL_CONVERSION = YES;
				CLANG_WARN_OBJC_ROOT_CLASS = YES_ERROR;
				CLANG_WARN_QUOTED_INCLUDE_IN_FRAMEWORK_HEADER = YES;
				CLANG_WARN_RANGE_LOOP_ANALYSIS = YES;
				CLANG_WARN_STRICT_PROTOTYPES = YES;
				CLANG_WARN_SUSPICIOUS_MOVE = YES;
				CLANG_WARN_UNGUARDED_AVAILABILITY = YES_AGGRESSIVE;
				CLANG_WARN_UNREACHABLE_CODE = YES;
				CLANG_WARN__DUPLICATE_METHOD_MATCH = YES;
				COPY_PHASE_STRIP = NO;
				DEBUG_INFORMATION_FORMAT = dwarf;
				ENABLE_STRICT_OBJC_MSGSEND = YES;
				ENABLE_TESTABILITY = YES;
				GCC_C_LANGUAGE_STANDARD = gnu11;
				GCC_DYNAMIC_NO_PIC = NO;
				GCC_NO_COMMON_BLOCKS = YES;
				GCC_OPTIMIZATION_LEVEL = 0;
				GCC_PREPROCESSOR_DEFINITIONS = (
					"DEBUG=1",
					"$(inherited)",
				);
				GCC_WARN_64_TO_32_BIT_CONVERSION = YES;
				GCC_WARN_ABOUT_RETURN_TYPE = YES_ERROR;
				GCC_WARN_UNDECLARED_SELECTOR = YES;
				GCC_WARN_UNINITIALIZED_AUTOS = YES_AGGRESSIVE;
				GCC_WARN_UNUSED_FUNCTION = YES;
				GCC_WARN_UNUSED_VARIABLE = YES;
				IPHONEOS_DEPLOYMENT_TARGET = 15.5;
				MTL_ENABLE_DEBUG_INFO = INCLUDE_SOURCE;
				MTL_FAST_MATH = YES;
				ONLY_ACTIVE_ARCH = YES;
				SDKROOT = iphoneos;
				SWIFT_ACTIVE_COMPILATION_CONDITIONS = DEBUG;
				SWIFT_OPTIMIZATION_LEVEL = "-Onone";
			};
			name = Debug;
		};
		8B9303B1291BB6C20044A869 /* Release */ = {
			isa = XCBuildConfiguration;
			buildSettings = {
				ALWAYS_SEARCH_USER_PATHS = NO;
				CLANG_ANALYZER_NONNULL = YES;
				CLANG_ANALYZER_NUMBER_OBJECT_CONVERSION = YES_AGGRESSIVE;
				CLANG_CXX_LANGUAGE_STANDARD = "gnu++17";
				CLANG_ENABLE_MODULES = YES;
				CLANG_ENABLE_OBJC_ARC = YES;
				CLANG_ENABLE_OBJC_WEAK = YES;
				CLANG_WARN_BLOCK_CAPTURE_AUTORELEASING = YES;
				CLANG_WARN_BOOL_CONVERSION = YES;
				CLANG_WARN_COMMA = YES;
				CLANG_WARN_CONSTANT_CONVERSION = YES;
				CLANG_WARN_DEPRECATED_OBJC_IMPLEMENTATIONS = YES;
				CLANG_WARN_DIRECT_OBJC_ISA_USAGE = YES_ERROR;
				CLANG_WARN_DOCUMENTATION_COMMENTS = YES;
				CLANG_WARN_EMPTY_BODY = YES;
				CLANG_WARN_ENUM_CONVERSION = YES;
				CLANG_WARN_INFINITE_RECURSION = YES;
				CLANG_WARN_INT_CONVERSION = YES;
				CLANG_WARN_NON_LITERAL_NULL_CONVERSION = YES;
				CLANG_WARN_OBJC_IMPLICIT_RETAIN_SELF = YES;
				CLANG_WARN_OBJC_LITERAL_CONVERSION = YES;
				CLANG_WARN_OBJC_ROOT_CLASS = YES_ERROR;
				CLANG_WARN_QUOTED_INCLUDE_IN_FRAMEWORK_HEADER = YES;
				CLANG_WARN_RANGE_LOOP_ANALYSIS = YES;
				CLANG_WARN_STRICT_PROTOTYPES = YES;
				CLANG_WARN_SUSPICIOUS_MOVE = YES;
				CLANG_WARN_UNGUARDED_AVAILABILITY = YES_AGGRESSIVE;
				CLANG_WARN_UNREACHABLE_CODE = YES;
				CLANG_WARN__DUPLICATE_METHOD_MATCH = YES;
				COPY_PHASE_STRIP = NO;
				DEBUG_INFORMATION_FORMAT = "dwarf-with-dsym";
				ENABLE_NS_ASSERTIONS = NO;
				ENABLE_STRICT_OBJC_MSGSEND = YES;
				GCC_C_LANGUAGE_STANDARD = gnu11;
				GCC_NO_COMMON_BLOCKS = YES;
				GCC_WARN_64_TO_32_BIT_CONVERSION = YES;
				GCC_WARN_ABOUT_RETURN_TYPE = YES_ERROR;
				GCC_WARN_UNDECLARED_SELECTOR = YES;
				GCC_WARN_UNINITIALIZED_AUTOS = YES_AGGRESSIVE;
				GCC_WARN_UNUSED_FUNCTION = YES;
				GCC_WARN_UNUSED_VARIABLE = YES;
				IPHONEOS_DEPLOYMENT_TARGET = 15.5;
				MTL_ENABLE_DEBUG_INFO = NO;
				MTL_FAST_MATH = YES;
				SDKROOT = iphoneos;
				SWIFT_COMPILATION_MODE = wholemodule;
				SWIFT_OPTIMIZATION_LEVEL = "-O";
				VALIDATE_PRODUCT = YES;
			};
			name = Release;
		};
		8B9303B3291BB6C20044A869 /* Debug */ = {
			isa = XCBuildConfiguration;
			buildSettings = {
				ASSETCATALOG_COMPILER_APPICON_NAME = AppIcon;
				ASSETCATALOG_COMPILER_GLOBAL_ACCENT_COLOR_NAME = AccentColor;
				CODE_SIGN_IDENTITY = "Apple Development";
				CODE_SIGN_STYLE = Automatic;
				CURRENT_PROJECT_VERSION = 1;
				DEVELOPMENT_TEAM = 7FN3J6KHZC;
				GENERATE_INFOPLIST_FILE = YES;
				INFOPLIST_FILE = "To-Do Manager/Info.plist";
				INFOPLIST_KEY_UIApplicationSupportsIndirectInputEvents = YES;
				INFOPLIST_KEY_UILaunchStoryboardName = LaunchScreen;
				INFOPLIST_KEY_UIMainStoryboardFile = Main;
				INFOPLIST_KEY_UISupportedInterfaceOrientations_iPad = "UIInterfaceOrientationPortrait UIInterfaceOrientationPortraitUpsideDown UIInterfaceOrientationLandscapeLeft UIInterfaceOrientationLandscapeRight";
				INFOPLIST_KEY_UISupportedInterfaceOrientations_iPhone = "UIInterfaceOrientationPortrait UIInterfaceOrientationLandscapeLeft UIInterfaceOrientationLandscapeRight";
				LD_RUNPATH_SEARCH_PATHS = (
					"$(inherited)",
					"@executable_path/Frameworks",
				);
				MARKETING_VERSION = 1.0;
				PRODUCT_BUNDLE_IDENTIFIER = "d.To-Do-Manager";
				PRODUCT_NAME = "$(TARGET_NAME)";
				PROVISIONING_PROFILE_SPECIFIER = "";
				SWIFT_EMIT_LOC_STRINGS = YES;
				SWIFT_VERSION = 5.0;
				TARGETED_DEVICE_FAMILY = "1,2";
			};
			name = Debug;
		};
		8B9303B4291BB6C20044A869 /* Release */ = {
			isa = XCBuildConfiguration;
			buildSettings = {
				ASSETCATALOG_COMPILER_APPICON_NAME = AppIcon;
				ASSETCATALOG_COMPILER_GLOBAL_ACCENT_COLOR_NAME = AccentColor;
				CODE_SIGN_IDENTITY = "Apple Development";
				CODE_SIGN_STYLE = Automatic;
				CURRENT_PROJECT_VERSION = 1;
				DEVELOPMENT_TEAM = 7FN3J6KHZC;
				GENERATE_INFOPLIST_FILE = YES;
				INFOPLIST_FILE = "To-Do Manager/Info.plist";
				INFOPLIST_KEY_UIApplicationSupportsIndirectInputEvents = YES;
				INFOPLIST_KEY_UILaunchStoryboardName = LaunchScreen;
				INFOPLIST_KEY_UIMainStoryboardFile = Main;
				INFOPLIST_KEY_UISupportedInterfaceOrientations_iPad = "UIInterfaceOrientationPortrait UIInterfaceOrientationPortraitUpsideDown UIInterfaceOrientationLandscapeLeft UIInterfaceOrientationLandscapeRight";
				INFOPLIST_KEY_UISupportedInterfaceOrientations_iPhone = "UIInterfaceOrientationPortrait UIInterfaceOrientationLandscapeLeft UIInterfaceOrientationLandscapeRight";
				LD_RUNPATH_SEARCH_PATHS = (
					"$(inherited)",
					"@executable_path/Frameworks",
				);
				MARKETING_VERSION = 1.0;
				PRODUCT_BUNDLE_IDENTIFIER = "d.To-Do-Manager";
				PRODUCT_NAME = "$(TARGET_NAME)";
				PROVISIONING_PROFILE_SPECIFIER = "";
				SWIFT_EMIT_LOC_STRINGS = YES;
				SWIFT_VERSION = 5.0;
				TARGETED_DEVICE_FAMILY = "1,2";
			};
			name = Release;
		};
/* End XCBuildConfiguration section */

/* Begin XCConfigurationList section */
		8B930399291BB6C00044A869 /* Build configuration list for PBXProject "To-Do Manager" */ = {
			isa = XCConfigurationList;
			buildConfigurations = (
				8B9303B0291BB6C20044A869 /* Debug */,
				8B9303B1291BB6C20044A869 /* Release */,
			);
			defaultConfigurationIsVisible = 0;
			defaultConfigurationName = Release;
		};
		8B9303B2291BB6C20044A869 /* Build configuration list for PBXNativeTarget "To-Do Manager" */ = {
			isa = XCConfigurationList;
			buildConfigurations = (
				8B9303B3291BB6C20044A869 /* Debug */,
				8B9303B4291BB6C20044A869 /* Release */,
			);
			defaultConfigurationIsVisible = 0;
			defaultConfigurationName = Release;
		};
/* End XCConfigurationList section */
	};
	rootObject = 8B930396291BB6C00044A869 /* Project object */;
}
